
Microsoft Visual Studio Solution File, Format Version 12.00
# Visual Studio 14
VisualStudioVersion = 14.0.24720.0
MinimumVisualStudioVersion = 10.0.40219.1
Project("{FAE04EC0-301F-11D3-BF4B-00C04F79EFBC}") = "TangoBluetooth", "TangoBluetooth.csproj", "{C42343D2-7EF0-445A-B958-5323D7CC78FD}"
EndProject
Global
	GlobalSection(SolutionConfigurationPlatforms) = preSolution
		Debug|Any CPU = Debug|Any CPU
		Release|Any CPU = Release|Any CPU
	EndGlobalSection
	GlobalSection(ProjectConfigurationPlatforms) = postSolution
		{C42343D2-7EF0-445A-B958-5323D7CC78FD}.Debug|Any CPU.ActiveCfg = Debug|Any CPU
		{C42343D2-7EF0-445A-B958-5323D7CC78FD}.Debug|Any CPU.Build.0 = Debug|Any CPU
		{C42343D2-7EF0-445A-B958-5323D7CC78FD}.Release|Any CPU.ActiveCfg = Release|Any CPU
		{C42343D2-7EF0-445A-B958-5323D7CC78FD}.Release|Any CPU.Build.0 = Release|Any CPU
	EndGlobalSection
	GlobalSection(SolutionProperties) = preSolution
		HideSolutionNode = FALSE
	EndGlobalSection
EndGlobal
